
Microsoft Visual Studio Solution File, Format Version 12.00
# Visual Studio 15
VisualStudioVersion = 15.0.28010.2048
MinimumVisualStudioVersion = 10.0.40219.1
Project("{FAE04EC0-301F-11D3-BF4B-00C04F79EFBC}") = "Assessment4Week5(3)", "Assessment4Week5(3)\Assessment4Week5(3).csproj", "{97F48D38-2061-4584-8729-875D32169882}"
EndProject
Global
	GlobalSection(SolutionConfigurationPlatforms) = preSolution
		Debug|Any CPU = Debug|Any CPU
		Release|Any CPU = Release|Any CPU
	EndGlobalSection
	GlobalSection(ProjectConfigurationPlatforms) = postSolution
		{97F48D38-2061-4584-8729-875D32169882}.Debug|Any CPU.ActiveCfg = Debug|Any CPU
		{97F48D38-2061-4584-8729-875D32169882}.Debug|Any CPU.Build.0 = Debug|Any CPU
		{97F48D38-2061-4584-8729-875D32169882}.Release|Any CPU.ActiveCfg = Release|Any CPU
		{97F48D38-2061-4584-8729-875D32169882}.Release|Any CPU.Build.0 = Release|Any CPU
	EndGlobalSection
	GlobalSection(SolutionProperties) = preSolution
		HideSolutionNode = FALSE
	EndGlobalSection
	GlobalSection(ExtensibilityGlobals) = postSolution
		SolutionGuid = {369D8D4E-20C4-4ECB-991A-CC93EA5A3DC3}
	EndGlobalSection
EndGlobal
